
Microsoft Visual Studio Solution File, Format Version 12.00
# Visual Studio Version 16
VisualStudioVersion = 16.0.28803.156
MinimumVisualStudioVersion = 10.0.40219.1
Project("{FAE04EC0-301F-11D3-BF4B-00C04F79EFBC}") = "Calico", "Calico\Calico.csproj", "{67CD13DF-88BE-40C0-8C18-746EBFEE4E3E}"
EndProject
Project("{2150E333-8FDC-42A3-9474-1A3956D46DE8}") = "Tablas", "Tablas", "{586957B2-9E02-4F4A-910B-C5EAAC806EFC}"
	ProjectSection(SolutionItems) = preProject
		CREATE_TABLE.sql = CREATE_TABLE.sql
		INTERFAZ_TESTPROCEDURE.sql = INTERFAZ_TESTPROCEDURE.sql
	EndProjectSection
EndProject
Global
	GlobalSection(SolutionConfigurationPlatforms) = preSolution
		Debug|Any CPU = Debug|Any CPU
		Release|Any CPU = Release|Any CPU
	EndGlobalSection
	GlobalSection(ProjectConfigurationPlatforms) = postSolution
		{67CD13DF-88BE-40C0-8C18-746EBFEE4E3E}.Debug|Any CPU.ActiveCfg = Debug|Any CPU
		{67CD13DF-88BE-40C0-8C18-746EBFEE4E3E}.Debug|Any CPU.Build.0 = Debug|Any CPU
		{67CD13DF-88BE-40C0-8C18-746EBFEE4E3E}.Release|Any CPU.ActiveCfg = Release|Any CPU
		{67CD13DF-88BE-40C0-8C18-746EBFEE4E3E}.Release|Any CPU.Build.0 = Release|Any CPU
	EndGlobalSection
	GlobalSection(SolutionProperties) = preSolution
		HideSolutionNode = FALSE
	EndGlobalSection
	GlobalSection(ExtensibilityGlobals) = postSolution
		SolutionGuid = {76B50338-DEE3-4205-87E6-E756C93F5D4A}
	EndGlobalSection
EndGlobal
